
Microsoft Visual Studio Solution File, Format Version 12.00
# Visual Studio 15
VisualStudioVersion = 15.0.28307.271
MinimumVisualStudioVersion = 10.0.40219.1
Project("{888888A0-9F3D-457C-B088-3A5042F75D52}") = "Noela", "Noela\Noela.pyproj", "{6B9AA44F-201D-4CCA-893C-138F2FEEE128}"
EndProject
Global
	GlobalSection(SolutionConfigurationPlatforms) = preSolution
		Debug|Any CPU = Debug|Any CPU
		Release|Any CPU = Release|Any CPU
	EndGlobalSection
	GlobalSection(ProjectConfigurationPlatforms) = postSolution
		{6B9AA44F-201D-4CCA-893C-138F2FEEE128}.Debug|Any CPU.ActiveCfg = Debug|Any CPU
		{6B9AA44F-201D-4CCA-893C-138F2FEEE128}.Release|Any CPU.ActiveCfg = Release|Any CPU
	EndGlobalSection
	GlobalSection(SolutionProperties) = preSolution
		HideSolutionNode = FALSE
	EndGlobalSection
	GlobalSection(ExtensibilityGlobals) = postSolution
		SolutionGuid = {6F85C99C-356B-45B9-A22E-E85A2CFD6DD6}
	EndGlobalSection
EndGlobal
